
Microsoft Visual Studio Solution File, Format Version 12.00
# Visual Studio Version 16
VisualStudioVersion = 16.0.30717.126
MinimumVisualStudioVersion = 10.0.40219.1
Project("{9A19103F-16F7-4668-BE54-9A1E7A4F7556}") = "KsuEmployment.Dal", "KsuEmployment.Dal\KsuEmployment.Dal.csproj", "{D847C245-F331-40F2-BFE6-F9D5BA8E4F9B}"
EndProject
Project("{9A19103F-16F7-4668-BE54-9A1E7A4F7556}") = "KsuEmployment.Services", "KsuEmployment.Services\KsuEmployment.Services.csproj", "{DC694192-2667-4D25-81D7-5C8C93167D0A}"
EndProject
Project("{9A19103F-16F7-4668-BE54-9A1E7A4F7556}") = "KsuEmployment.Tests", "KsuEmployment.Tests\KsuEmployment.Tests.csproj", "{4D241D9E-D6AD-4CF4-BDB5-C45410F84F87}"
EndProject
Project("{9A19103F-16F7-4668-BE54-9A1E7A4F7556}") = "KsuEmployment.Web", "KsuEmployment.Web\KsuEmployment.Web.csproj", "{97ABF395-A9C8-485B-AA4A-0A222D687214}"
EndProject
Global
	GlobalSection(SolutionConfigurationPlatforms) = preSolution
		Debug|Any CPU = Debug|Any CPU
		Release|Any CPU = Release|Any CPU
	EndGlobalSection
	GlobalSection(ProjectConfigurationPlatforms) = postSolution
		{D847C245-F331-40F2-BFE6-F9D5BA8E4F9B}.Debug|Any CPU.ActiveCfg = Debug|Any CPU
		{D847C245-F331-40F2-BFE6-F9D5BA8E4F9B}.Debug|Any CPU.Build.0 = Debug|Any CPU
		{D847C245-F331-40F2-BFE6-F9D5BA8E4F9B}.Release|Any CPU.ActiveCfg = Release|Any CPU
		{D847C245-F331-40F2-BFE6-F9D5BA8E4F9B}.Release|Any CPU.Build.0 = Release|Any CPU
		{DC694192-2667-4D25-81D7-5C8C93167D0A}.Debug|Any CPU.ActiveCfg = Debug|Any CPU
		{DC694192-2667-4D25-81D7-5C8C93167D0A}.Debug|Any CPU.Build.0 = Debug|Any CPU
		{DC694192-2667-4D25-81D7-5C8C93167D0A}.Release|Any CPU.ActiveCfg = Release|Any CPU
		{DC694192-2667-4D25-81D7-5C8C93167D0A}.Release|Any CPU.Build.0 = Release|Any CPU
		{4D241D9E-D6AD-4CF4-BDB5-C45410F84F87}.Debug|Any CPU.ActiveCfg = Debug|Any CPU
		{4D241D9E-D6AD-4CF4-BDB5-C45410F84F87}.Debug|Any CPU.Build.0 = Debug|Any CPU
		{4D241D9E-D6AD-4CF4-BDB5-C45410F84F87}.Release|Any CPU.ActiveCfg = Release|Any CPU
		{4D241D9E-D6AD-4CF4-BDB5-C45410F84F87}.Release|Any CPU.Build.0 = Release|Any CPU
		{97ABF395-A9C8-485B-AA4A-0A222D687214}.Debug|Any CPU.ActiveCfg = Debug|Any CPU
		{97ABF395-A9C8-485B-AA4A-0A222D687214}.Debug|Any CPU.Build.0 = Debug|Any CPU
		{97ABF395-A9C8-485B-AA4A-0A222D687214}.Release|Any CPU.ActiveCfg = Release|Any CPU
		{97ABF395-A9C8-485B-AA4A-0A222D687214}.Release|Any CPU.Build.0 = Release|Any CPU
	EndGlobalSection
	GlobalSection(SolutionProperties) = preSolution
		HideSolutionNode = FALSE
	EndGlobalSection
	GlobalSection(ExtensibilityGlobals) = postSolution
		SolutionGuid = {D2FE3A84-CC70-4711-B904-1BB4C5FCBE05}
	EndGlobalSection
EndGlobal
