
Microsoft Visual Studio Solution File, Format Version 12.00
# Visual Studio Version 16
VisualStudioVersion = 16.0.30717.126
MinimumVisualStudioVersion = 10.0.40219.1
Project("{FAE04EC0-301F-11D3-BF4B-00C04F79EFBC}") = "KsuEmployment", "KsuEmployment\KsuEmployment.csproj", "{4AE6C2C4-30E9-492A-AF0A-E2EF185DA8A3}"
EndProject
Project("{FAE04EC0-301F-11D3-BF4B-00C04F79EFBC}") = "KsuEmployment.Dal", "KsuEmployment.Dal\KsuEmployment.Dal.csproj", "{D847C245-F331-40F2-BFE6-F9D5BA8E4F9B}"
EndProject
Project("{FAE04EC0-301F-11D3-BF4B-00C04F79EFBC}") = "KsuEmployment.Services", "KsuEmployment.Services\KsuEmployment.Services.csproj", "{DC694192-2667-4D25-81D7-5C8C93167D0A}"
EndProject
Project("{FAE04EC0-301F-11D3-BF4B-00C04F79EFBC}") = "KsuEmployment.Tests", "KsuEmployment.Tests\KsuEmployment.Tests.csproj", "{4D241D9E-D6AD-4CF4-BDB5-C45410F84F87}"
EndProject
Global
	GlobalSection(SolutionConfigurationPlatforms) = preSolution
		Debug|Any CPU = Debug|Any CPU
		Release|Any CPU = Release|Any CPU
	EndGlobalSection
	GlobalSection(ProjectConfigurationPlatforms) = postSolution
		{4AE6C2C4-30E9-492A-AF0A-E2EF185DA8A3}.Debug|Any CPU.ActiveCfg = Debug|Any CPU
		{4AE6C2C4-30E9-492A-AF0A-E2EF185DA8A3}.Debug|Any CPU.Build.0 = Debug|Any CPU
		{4AE6C2C4-30E9-492A-AF0A-E2EF185DA8A3}.Release|Any CPU.ActiveCfg = Release|Any CPU
		{4AE6C2C4-30E9-492A-AF0A-E2EF185DA8A3}.Release|Any CPU.Build.0 = Release|Any CPU
		{D847C245-F331-40F2-BFE6-F9D5BA8E4F9B}.Debug|Any CPU.ActiveCfg = Debug|Any CPU
		{D847C245-F331-40F2-BFE6-F9D5BA8E4F9B}.Debug|Any CPU.Build.0 = Debug|Any CPU
		{D847C245-F331-40F2-BFE6-F9D5BA8E4F9B}.Release|Any CPU.ActiveCfg = Release|Any CPU
		{D847C245-F331-40F2-BFE6-F9D5BA8E4F9B}.Release|Any CPU.Build.0 = Release|Any CPU
		{DC694192-2667-4D25-81D7-5C8C93167D0A}.Debug|Any CPU.ActiveCfg = Debug|Any CPU
		{DC694192-2667-4D25-81D7-5C8C93167D0A}.Debug|Any CPU.Build.0 = Debug|Any CPU
		{DC694192-2667-4D25-81D7-5C8C93167D0A}.Release|Any CPU.ActiveCfg = Release|Any CPU
		{DC694192-2667-4D25-81D7-5C8C93167D0A}.Release|Any CPU.Build.0 = Release|Any CPU
		{4D241D9E-D6AD-4CF4-BDB5-C45410F84F87}.Debug|Any CPU.ActiveCfg = Debug|Any CPU
		{4D241D9E-D6AD-4CF4-BDB5-C45410F84F87}.Debug|Any CPU.Build.0 = Debug|Any CPU
		{4D241D9E-D6AD-4CF4-BDB5-C45410F84F87}.Release|Any CPU.ActiveCfg = Release|Any CPU
		{4D241D9E-D6AD-4CF4-BDB5-C45410F84F87}.Release|Any CPU.Build.0 = Release|Any CPU
	EndGlobalSection
	GlobalSection(SolutionProperties) = preSolution
		HideSolutionNode = FALSE
	EndGlobalSection
	GlobalSection(ExtensibilityGlobals) = postSolution
		SolutionGuid = {D2FE3A84-CC70-4711-B904-1BB4C5FCBE05}
	EndGlobalSection
EndGlobal
